[container]
image = "docker.io/library/archlinux@sha256:a2ec6393d71cc4b5ec3b8749d6fb8ab46f3d7804542c778e58945425064a23a6"

[[package]]
name = "aarch64-linux-gnu-binutils"
version = "2.43-1"
system = "archlinux"
url = "https://archive.archlinux.org/packages/a/aarch64-linux-gnu-binutils/aarch64-linux-gnu-binutils-2.43-1-x86_64.pkg.tar.zst"
sha256 = "cd9065d56c56570322c9d0b63411d86ba95a1f23932100ca2107840363622f8a"
signature = "iQIzBAABCAAdFiEEjhmSFnRl21+wRVV8sChU7XU+Dx8FAmc5MB0ACgkQsChU7XU+Dx+VfBAAlw+yFzHoBqm6xIHwF1Q4iR6M2x1kgQstlfaHnP7nL6EwunhmHGQIDf/4Zc2tNqE5q5v8lmHv+YSBO8L4MybyxN/sFG2rv78fAlyJx/UFER92DbMJvHZtZoF2cvX+pvaczw6/rIX77x9PhnzKQASIKXWKsu4Uy9jbZuZLd/XCILFl9kPwFqzNDxNL7pRiakYUsSM8xcXZFUg8wOO5DogGhB0lo2v9mbDmNIkMWLuPB9RqxSk3MkXaU9aETx12bxCbrdmHQHlBlDvEpfDw7wKGUOQTmqXB2h0OUYbOQ7xieyJA1CJ8/K7UL8XEKcmjNa8jaLClPaaOOGju5btEB8VH/GQqsUJXI4rGyFDMJOlcX2+AdBJwSAVO2j2LWafg4Mu+tyfjYzOALvhhEHewyZmYZih2YpcSOdTfdXakeN/gMsg3zNyM/PJn0K1k6CP006ILSSVJHKDIi+CkI7eEv+tbgAj2h0RJxue+YoEqa5M64nJTbPyBV/F9X2L2E4sOLr36z8wGRh2tc2nxWsdntHu3+XE4Jks1imYq6GJUTDUpOgbwnDmUY0eiyQSd8CSvAWdRS32mPBgwOSYbmxCZBK8+MioXEvvg0PWH30o7B0x8MSlb4ZW9EkCvmxhUfWfOzsBW82lVKnwbfg1JBfeZpWBzetI7hqpmGippwPfwleqSet4="

[[package]]
name = "aarch64-linux-gnu-gcc"
version = "14.2.0-1"
system = "archlinux"
url = "https://archive.archlinux.org/packages/a/aarch64-linux-gnu-gcc/aarch64-linux-gnu-gcc-14.2.0-1-x86_64.pkg.tar.zst"
sha256 = "9f68a3a00ec1a4d78d416a0f20487de0bf3d57a35f3a537062b4a0d072c19c19"
signature = "iQIzBAABCAAdFiEEjhmSFnRl21+wRVV8sChU7XU+Dx8FAmc86w4ACgkQsChU7XU+Dx8uQA//cuxU1P/sWJyhMU+DdBvDJmbdcDWpdCeMce00XIHuQcJSQv5NP9u/rTj/VuVZfBlok8djbp6r1LM47UEYemVPo/0EIEjEV9mYBmywi23+toF++2Wos+qi6UstuDf4hBMSjnxPpcSWWf3SB/gjpMz/IbVwTfk4KeTYy8L/PlohlFlScd6uqADmdfZFKIA0qKOqHMMiKKP1PA+hIcsy3giV3axiK/TQnppRwogigrCHVk92zrGK2achxvWpVvD47ij4V8BrIdvClBfAmMRWDGVqXVhGKr5+EgnCZ/jWdOSQckryvTDe1rKvmiy+CQ/UonAKR/uvUsnZ2r5an1L+Xn7aNLBSPXHrv8qRpmmxSsWYaTiCR5VY7ckaAU8u78IpjNcxmnOcZVdhqnUDuxRWNVvsg6GWvMnowoa8/xlxotz+HxDFiS7mvnf9QITTygzXjXPsVM9ufkP181SSPUEwTrn/V6MCl7NAWuWkTWvZ/h+WdCvil0ymZgulDAU5oeXxYcg1UO2OF2bmEUoi5uOomv+7Rz523wgwOZ3XzQiJN/dEQ4q911vIcDWu9xtW1f5Lvy4lDp1kt37IJaFmXnCX8LLOod6VrGquP+nkMQTY4TA0YhUW/XfoWqWAQ215WUiwXkKbPo48gBFouaZrlgfqI6/kRY+a/uLMqUlWPb1iavgUO3o="

[[package]]
name = "aarch64-linux-gnu-glibc"
version = "2.40-1"
system = "archlinux"
url = "https://archive.archlinux.org/packages/a/aarch64-linux-gnu-glibc/aarch64-linux-gnu-glibc-2.40-1-any.pkg.tar.zst"
sha256 = "0e410d29c37ed5af0a4ce0e90103cac5cd78c114d238d7770543b0b35e3c313a"
signature = "iQIzBAABCAAdFiEEjhmSFnRl21+wRVV8sChU7XU+Dx8FAmc9CIYACgkQsChU7XU+Dx9XYA/+NqMAx/f/orVvkyx2hG1H4Aygi2LVjIG3ca8hAirA3beppWTOGeMSbLRPiOvfH0wGWAbOipqng/312khj36N3EHI8X80IqwyOkxpO24aEuEOFQMH+FgVgSfSiCF5uF1hjspvm0WDc8/mSDsej1vryGacIqh6x0JqzdlXcp80D/jpKvewa3JGheHWei3CAgktKw6jONVBsGiLlkhTm3XrOiv+NNSh81bw3ofGme74j4uQEi2T0TJgw4+LyJ203v30/dxGYtT7A5hYd4+L5vxXtju4Hz7YH+xtQiiRMhR2pcfTS/gdk29c93Uetfb5PHJKhxleG+hOXqwrOfmWPCOZ55mgXDzLHgsI/ZL/gVtasyKorNnYNDZcuC3uIV56e+3GQpn0oeFI8wqT6gEgMi2wbFXsUQqeTlTCSx95CCkR8LFvoIDLQexP6Tu9iC+UYCetF59BVCZLUEVCUP0N6ZpMmk21hesCKAaPk7foNNuXdmOzduZZ2JPcsdNy76DJIR26nbk95jxgxEPEawDhum9nTE+1c/16trcFidNzTTMmwhWRa81qZPQYgZ97TeK8QJrjT+6vXu/+HNfjl5SQ2CFxHWoS/wTFmY3gWyerTM+C48l/4iNg7pHF1chNJXEvzPaDypLtFDt78ItN/5Q0g4usQIJnoNZqV0Sn3SmKNW2BeEvY="

[[package]]
name = "aarch64-linux-gnu-linux-api-headers"
version = "6.12-1"
system = "archlinux"
url = "https://archive.archlinux.org/packages/a/aarch64-linux-gnu-linux-api-headers/aarch64-linux-gnu-linux-api-headers-6.12-1-any.pkg.tar.zst"
sha256 = "500d6df001985aefeb2305d5061ebde6b5cc7f67d764827f99d2e9de19498450"
signature = "iQIzBAABCAAdFiEEjhmSFnRl21+wRVV8sChU7XU+Dx8FAmc74MYACgkQsChU7XU+Dx8dPBAAimRTvl2Kgm+AV5rnmsb2rceOskQ9L4dfcB4iJA/dKGtHB4jnzlGfYez3v4T4JjlwVsbfWcFN47CdbYChHP5wPOgNYNo76B3Qy6eMjpzu7+I/wkI6f8G/oKqYfksaJWp94z1Br5K/Mf09HQCgkLNHtNFCUo/ZEePRKYw9Rcb3hOUZZ02pEcNMy1VtGP25+2beWTr+K9MYgW/rxCTjoRlEVgggAbYU7MECTBZlnauP1VsOqwuBl1EaPXzlcBJX+KODnM088TRMIuLIP4mOVDje2cxhtTyhkMirLn+YYhOhPtqm2r0VgEQgApDYsd3zOujN26lVvefn/Y1i1EUTaK1Ej//K1KGUYEUtouIgXInI0a2PfjSOXn+21c9vTydBZaP9A1qHaw8SA/P8lr+vTkxhW03KPzZ6yMHohzdTRL34lrVjAV/H+yYpDHcAFuLEnHAOs6rnpCwSEGd9yfbieO66lmxNMUdYw/RaLZNtkjIGd2DNOZ2qky5LyxuNx6ibu3MSx9kyFQJFQAqtTSgK2bttbbHVfangSEcV4WK4GHUZ/Ljjb+8qf/Sma2OSbpGBCZQ50Jh5W9ogQ7Rb0lsUhD3OU9NNxOjs2EM2NhXd+3o/7kYjoU2JUrpkDQzCkvgrpPzCg5EPa3shrVuM6zXKT7W8/ZLvONVvhi5ntPTHyMzfo4w="

[[package]]
name = "binutils"
version = "2.44-1"
system = "archlinux"
url = "https://archive.archlinux.org/packages/b/binutils/binutils-2.44-1-x86_64.pkg.tar.zst"
sha256 = "8c14a56397669fefff067ec2c08aeccb944372be4f4cdb6fed0991ca18c4fb02"
signature = "iNUEABYKAH0WIQQFx3danouXdAf+COadTFqhVCbaCgUCZ6dOK18UgAAAAAAuAChpc3N1ZXItZnByQG5vdGF0aW9ucy5vcGVucGdwLmZpZnRoaG9yc2VtYW4ubmV0MDVDNzc3NUE5RThCOTc3NDA3RkUwOEU2OUQ0QzVBQTE1NDI2REEwQQAKCRCdTFqhVCbaCjeoAP9btSaBFNMd2M64KII1QXneh2x9+xVvLiz3YZ1kbNMknwEA4+KjPA7GZGgq1HWZsjLuTUWzu4M2D6WBXXfH9HLbiQ0="

[[package]]
name = "coreutils"
version = "9.6-3"
system = "archlinux"
url = "https://archive.archlinux.org/packages/c/coreutils/coreutils-9.6-3-x86_64.pkg.tar.zst"
sha256 = "a3ac42c4bcc63f0c5c18a9833bc58c1869964fca9d2eb130519ddae86d40db7c"
signature = "iHUEABYKAB0WIQRizHP4hOUpV7L92IObeih9mi7GCAUCZ7zaVQAKCRCbeih9mi7GCA8qAP9FxVzJyIKrvDKYdqlubKzAnJjO1nyrkQ1oVDwJMVrS+QD/cijtSn+jQvdmdQ1Fc2I2ES9nuD4fK/OVdkwhIasgRwI="

[[package]]
name = "gc"
version = "8.2.8-2"
system = "archlinux"
url = "https://archive.archlinux.org/packages/g/gc/gc-8.2.8-2-x86_64.pkg.tar.zst"
sha256 = "c7b5e6816e7977a407e3f862b4ac51e7cf70e522c7fe1a72c2eca49431679712"
signature = "iNUEABYKAH0WIQQFx3danouXdAf+COadTFqhVCbaCgUCZt6oQl8UgAAAAAAuAChpc3N1ZXItZnByQG5vdGF0aW9ucy5vcGVucGdwLmZpZnRoaG9yc2VtYW4ubmV0MDVDNzc3NUE5RThCOTc3NDA3RkUwOEU2OUQ0QzVBQTE1NDI2REEwQQAKCRCdTFqhVCbaCp63AP4zSG9Ph/ey/7pYMn/RNiK9x1gv3SknQQ5dttHxVgc++QD/aXAHmlJ3i2x5kaqtv+bVKMTa80sF/S7X6DKJfQ+Q9Q4="

[[package]]
name = "gcc"
version = "14.2.1+r753+g1cd744a6828f-1"
system = "archlinux"
url = "https://archive.archlinux.org/packages/g/gcc/gcc-14.2.1+r753+g1cd744a6828f-1-x86_64.pkg.tar.zst"
sha256 = "2f5d57f8047bd95dc8ca89878e276968e485fec552a1d6222cbe7d4b020e5b8f"
signature = "iNUEABYKAH0WIQQFx3danouXdAf+COadTFqhVCbaCgUCZ6dOMl8UgAAAAAAuAChpc3N1ZXItZnByQG5vdGF0aW9ucy5vcGVucGdwLmZpZnRoaG9yc2VtYW4ubmV0MDVDNzc3NUE5RThCOTc3NDA3RkUwOEU2OUQ0QzVBQTE1NDI2REEwQQAKCRCdTFqhVCbaCs1BAQDhgm29sxvOmglFqaPf7w14Smqpbd/q83FwqUZX5fyqPwD+Obh+eLgaLHPq2DwHGH8TPoFEHlbMhU82pk2DkvU6qQE="

[[package]]
name = "guile"
version = "3.0.10-1"
system = "archlinux"
url = "https://archive.archlinux.org/packages/g/guile/guile-3.0.10-1-x86_64.pkg.tar.zst"
sha256 = "bf4d1b474045a88c7ad97b1ce56e8dd5786e5a10de02a8d33dc8f041edc8d01d"
signature = "iNUEABYKAH0WIQQFx3danouXdAf+COadTFqhVCbaCgUCZnkshF8UgAAAAAAuAChpc3N1ZXItZnByQG5vdGF0aW9ucy5vcGVucGdwLmZpZnRoaG9yc2VtYW4ubmV0MDVDNzc3NUE5RThCOTc3NDA3RkUwOEU2OUQ0QzVBQTE1NDI2REEwQQAKCRCdTFqhVCbaCruHAQDnjJsHGhq4cae34rHS1z+Hr6yzjVQSxvA6SE9XpredlAD/cstobLSMUsHswxf5df94XkoDPJdJs44uXE/iu9gsgQg="

[[package]]
name = "jansson"
version = "2.14-4"
system = "archlinux"
url = "https://archive.archlinux.org/packages/j/jansson/jansson-2.14-4-x86_64.pkg.tar.zst"
sha256 = "a67ab57d4a9b4caa2e718652c392345cdd9c2496d835ab1d0ff1e78ae4429fde"
signature = "iNUEABYKAH0WIQQFx3danouXdAf+COadTFqhVCbaCgUCZjJful8UgAAAAAAuAChpc3N1ZXItZnByQG5vdGF0aW9ucy5vcGVucGdwLmZpZnRoaG9yc2VtYW4ubmV0MDVDNzc3NUE5RThCOTc3NDA3RkUwOEU2OUQ0QzVBQTE1NDI2REEwQQAKCRCdTFqhVCbaCpfCAP4sFnTjSEIn5wDbLWGZOivsWT2SWPG6AgofrnUjaK/UMAD9E2u6D7WJbVTYrvDhVUz3WN6k8bVB8ZODyoIF66GWEw0="

[[package]]
name = "kmod"
version = "34-1"
system = "archlinux"
url = "https://archive.archlinux.org/packages/k/kmod/kmod-34-1-x86_64.pkg.tar.zst"
sha256 = "f92f891556e1b7e5bd52efa9bbbf30d5ba55527b5f97b6eec71e8dd211e9460d"
signature = "iHUEABYKAB0WIQQEKYl95fO9rFN6MGltQr3RFuAGjwUCZ7j3+QAKCRBtQr3RFuAGj9BTAP0ewCNWQumdWn7Q22U1sP0eXkI52z3ou3LqoFNH91TjUwEAibsLrLMhCmvByTxv9oYJ3+4cObWoZhQ7AJEK0qP7cAM="

[[package]]
name = "libedit"
version = "20250104_3.1-1"
system = "archlinux"
url = "https://archive.archlinux.org/packages/l/libedit/libedit-20250104_3.1-1-x86_64.pkg.tar.zst"
sha256 = "9b4167ade67f899d5f4d1e0d3e8e8f18b5edfdd076f5aeffd100cb3093117987"
signature = "iQEzBAABCAAdFiEEW34/txt/EDKaHAOrdx32Yn7faB8FAme8RWMACgkQdx32Yn7faB9bnQf+N2KYErONnv0FLvqScucx7dhD+DNMqRFEEruhqsnAtP9KZzRePYMys6Uhn4TlIysatDnz6qy2UMeXuLOKDAYXMz4M37lfRT6YsBzbNj93FQlVrfelM/ap6U3vGBnHUVv8zqPoI6SgF+qqRuDJtoE3DR6TiiHgYm2oHRR/0NwF9S3hxqVkc+Ebmz7VTTlXW0x/g2uOKRqPyJR17GCuVrRWW/B0eIYrNIVVTE9jcMVKC5Uil+OAYd1bPoTQRgolw/Vp13QnHyUC4u8OwM3yl1b3CWjdRkwz7ImS+K5aF6z9/bUGzPwM1WmPkiz4TNeYHqxnKAQ9GnSLZOJBv1rMl3mI+g=="

[[package]]
name = "libisl"
version = "0.27-1"
system = "archlinux"
url = "https://archive.archlinux.org/packages/l/libisl/libisl-0.27-1-x86_64.pkg.tar.zst"
sha256 = "55a36e8195e6d9ce2efeb4276c60df6b6e7d94812fa36f8423d5ce664a5d34df"
signature = "iNUEABYKAH0WIQQFx3danouXdAf+COadTFqhVCbaCgUCZtWJeV8UgAAAAAAuAChpc3N1ZXItZnByQG5vdGF0aW9ucy5vcGVucGdwLmZpZnRoaG9yc2VtYW4ubmV0MDVDNzc3NUE5RThCOTc3NDA3RkUwOEU2OUQ0QzVBQTE1NDI2REEwQQAKCRCdTFqhVCbaCgPbAP9GNpnE0ra4qZOGYyJtfnyG42f8Z9dLpX21F/sY/a2UCgD/dz8x7harwjTofWctVHyyCacJsLhSq2jvSfrvvL4H/w8="

[[package]]
name = "libmpc"
version = "1.3.1-2"
system = "archlinux"
url = "https://archive.archlinux.org/packages/l/libmpc/libmpc-1.3.1-2-x86_64.pkg.tar.zst"
sha256 = "10554706eb15ed2186fbd55fd5db8fa5919788ac9a75d26c0b9ef5bdfca9d470"
signature = "iQEzBAABCAAdFiEEFRnVq6Zb9vwrc8dWek52CV2KUuQFAmaHCZwACgkQek52CV2KUuRjbAf/TmL9cCMXYTGsNmR2om6kT7XjczfZoFR9AM0FSTUNy5AuNZNUUCfm6ie6F4rFwHc3nETOSojScOZauZlcNiLrVriHYYFSZ8EhKiCJCo68a7KTbceBNoBuT6AEIpGMpIMti/cvWhu8VXl5JIRo8LNPBzDih05aCDUJ2nayKPYNHalDayu87sDXzJYXuzC8KD7XmUa7Kirn0ZpA4VZXc8CUjYYvn0wvRwLKQP4WMpszxmblQWjMVbQxh7dwC+gPtqIANVjoGKMRfr6QpT03XXIEaTBKbMsxeYFvwn+y2JN30t6oFI6LJADZ22VwimEzu06u+x9c+3+pr4k7Py43OCOGmg=="

[[package]]
name = "libnghttp3"
version = "1.8.0-1"
system = "archlinux"
url = "https://archive.archlinux.org/packages/l/libnghttp3/libnghttp3-1.8.0-1-x86_64.pkg.tar.zst"
sha256 = "2fb753b7650737d921fabf68d863f3b8fd276e80c5c56b53fe9b96205bbdf020"
signature = "iHUEABYKAB0WIQQEKYl95fO9rFN6MGltQr3RFuAGjwUCZ7ixUQAKCRBtQr3RFuAGj265AP0YdLYZutkYfcXhUcF1Yo2j+QnhvI/Y53V5gq4WDFfIjAEAty7Ex0+Tr+j0K03aBkxu20FNV3uOoD3rf7IOzwaf/QE="

[[package]]
name = "libxml2"
version = "2.13.6-3"
system = "archlinux"
url = "https://archive.archlinux.org/packages/l/libxml2/libxml2-2.13.6-3-x86_64.pkg.tar.zst"
sha256 = "45141acdcd2615a1970d2b10ffb291948583684b926bcfadf0b39d1c8bd58945"
signature = "iHUEABYKAB0WIQSDvIiJNRtd67toQW64rAhgDxCM3wUCZ70RegAKCRC4rAhgDxCM39r9AP4lvWuI8S9wzY/G1CaBU33dJvpdOSkDsiaBHWxLUUekIAD+MhKtxysMCAtGuFZdOqPYrQu6jo4VX9rg/9MSpMcpUgU="

[[package]]
name = "llvm-libs"
version = "19.1.7-1"
system = "archlinux"
url = "https://archive.archlinux.org/packages/l/llvm-libs/llvm-libs-19.1.7-1-x86_64.pkg.tar.zst"
sha256 = "44de8dac4c85c2297d8a8b9b4f8a71d422bd2452b6b0f442859f92c5319daad3"
signature = "iQEzBAABCAAdFiEEhs/8qRjPOvRxR1iAUeixSKmZnDQFAmeLq+kACgkQUeixSKmZnDSQcgf/UE3HidSGyn485QxUdNk6ffxyRMIxQixiaMPVcFQlTCNoC2c3oN/Y9bp5qWN2Oydh5J17nVy6el5mpVzaSFrVA05cFP0eoOIy1RrlC2ko54icSmchRyD1bGHfwBNlurkCU5y1AQqbo+5Exfg31Vj5NsXdDst5E51WfP37/NxZ9holoXk17Lb5vcgQ/GTgmzEWL7Gt+CF5X0AkPCOejBtBrzcSWM2T4s6dGatM45PCTSWHzgLbi9RuZwd2y0jPZPPocvsmxoi1q0KhjteCXWJpn/HpksmiiRNIG1RN9uV7Vp9f0rVEoWaf1VbdzNyXrdoRFxdxg1Nt0en9VrwhMuX4Mg=="

[[package]]
name = "make"
version = "4.4.1-2"
system = "archlinux"
url = "https://archive.archlinux.org/packages/m/make/make-4.4.1-2-x86_64.pkg.tar.zst"
sha256 = "7c1bc0d882f7c8d1bcb305eb7efaabc19ed6afa5a9a443575fa0d5ed57985535"
signature = "iHUEABYKAB0WIQSZH24/B2XPYpWIhYYTmwnaW/DTOAUCZBT0lQAKCRATmwnaW/DTOKwJAP9/kfT3rO0NhbD8wuI6ajzjyKtrl4SfuU0yu/PKByXQOgD/aYSvsyXylJhCadU2smO4LbP2Vj9fnIvEwPvbXbesVQ0="

[[package]]
name = "musl"
version = "1.2.5-3"
system = "archlinux"
url = "https://archive.archlinux.org/packages/m/musl/musl-1.2.5-3-x86_64.pkg.tar.zst"
sha256 = "d06d3154f4b9feebb5e2089870f4aece3d943199e7a2c9cae8adc1fa4ffce049"
signature = "iQIzBAABCAAdFiEEM+u4qOHFZTZFsSMqRaZQ4mOMU20FAmeRK5AACgkQRaZQ4mOMU234pg//X5HK6EANyDMYQepeAXGeD/tZmQ5RWyi4OKe61vdc9EZLjUAon3kWsJDvcfyIJWBdONuyjb4IQmRPPu/ZtGsy0844K3SIKNnJk8bsGtMWUVXO/oV/qrdrE3i6111rgXBeTG4+KVTwOzXkl/CnGZGre03QmFvtR4p/TJufBxLtc5WxKJ+CXMwvb0cQhuacPY2NiHuSgQxa9q8fbr+F6MDZeOhLTygrNlZcgwTHPq4oka6/2Ulo6KOFWfc6bwOpvG/pXc0i3Rve8cIK0loROagK5mqQvOJ3IaO3Qx3SZsY/JhauzxroX0YszqDgNYf1fWvB+deUR7A7S6yRUMfvR4VXtXkgapMAnmNZRMyVIYfmTHGu2X7F5Rt8uD4ryhx8uzU8wsFEVrSGsTYLuJaSJifNdDvLd65cFTItmsXsJcbR8POAE9agZH/4pgxFXyICa6uZfesy3gdD7gndoGHZbKhcR+Aufp+MKPYkjg1zaJtIQGn2/9ck4y1JEJO34IO+qF7GzqI+hWyhemmJnbMxIASafcNgSyrCnEaR3ep0LJl9NyNTOKPxk66YGbRPQ7qggEv7SGotZHcTCJ+4mNIlsM5ONBB9APpHnx0irwCuM8SdXKb6PaY0L4THeNcPTA1PYQEfFuzpBChz41qmg7HPaTq+CjP+iyit4qOIC5dsisLdSaE="

[[package]]
name = "musl-aarch64"
version = "1.2.5-3"
system = "archlinux"
url = "https://archive.archlinux.org/packages/m/musl-aarch64/musl-aarch64-1.2.5-3-x86_64.pkg.tar.zst"
sha256 = "dd3c34fce98e897b0d231974477baf61732adb5bca7ba0c5671e2c7e5e23b7bf"
signature = "iQIzBAABCAAdFiEEM+u4qOHFZTZFsSMqRaZQ4mOMU20FAmeRK5AACgkQRaZQ4mOMU22xPg/+MKTFrbAk5iKKgFcsC/7NnQza/hMZagBw0NNfDcJPch6iSOoqQIQlbHpu5zHWbWfRYz3OuE7afUsENd9igRiu4P8hx6hRRsxqJXsTEO+9GDJsGE223ll/gU56aLiMe+wDkAqNZ4GeoZ6KGQAiO7zv6mncr/UgzGkDRxLAdIjy+jW2tXhX9x/YB+eCu1dKgRrjyb2je92qhC8q1/znKEDzeh8rSuD8UVdltDsqVPKE9/lHVu6cfYmWtPAzHTBVpTRc0PvskC9VuAQvnBD456+IkTzFz8VdcEyyAUm4m59kKCg+kkt9KApgYjbPDLngyxlGA99PG/8v3bqqwnLVMrfrZNu5SPq8J4GDDtaUgzJ20/7u3RcndG1hKF6yhoB9sUZ0MlHw2ATnzBSEObV2Fcn/ZgpnJl8GUBTWYHCoWysPS0wNRQUKCixDZhIjJzA40etvqvpxKvYAAn9uJ4F1DrQ2lG2g5WaMQ7wBMQlPyDSSf6p/QRjq+l04NW2krq7FhM5RybEuuaYh1o0zN+w5QRCa6FDp3lE3zWeUP1mosuv0ScbghCBlRa7QKX+HlCUgMRijRq2yIpd6vQV58y3YfHbeZFaTFjymHSo/kPDzvt12gv5s3zkhsN99e8itPCU4WjmBQr4ZP9wQPBtRF88xkuKOcOnZoPvJ1TO2oPe+hZZE8zE="

[[package]]
name = "pacman"
version = "7.0.0.r6.gc685ae6-2"
system = "archlinux"
url = "https://archive.archlinux.org/packages/p/pacman/pacman-7.0.0.r6.gc685ae6-2-x86_64.pkg.tar.zst"
sha256 = "fb8cc5ba332a8b15d06a74c11cf22b4c7848749c3e12f12c8512887bc4022d90"
signature = "iQJLBAABCgA1FiEEwQA0ZnZjToDJQPuenAL/QZ/svhYFAme4sbkXHGZveGJvcm9uQGFyY2hsaW51eC5vcmcACgkQnAL/QZ/svhYi+A//YI7SREGJLV/ddUlJfnP9nntvwA+OdaW4jMseP6+rjaLoxVgGBTzI5GiRneHqmVDTxPrPXw8U6LY7tzuh+EjwGXxP3iKF0OWc7Njw36/xpsDwg6CMQKytDRgGFYB0j2Y+GGbuuJ7q3s3kpxgKmMhtK866VA2wBB9XwCVqQ0qWeFckml49XqwOkBPCIFH/BEMlQm1bnQXdPgWB2zAhIvxcVyw04GLqeCmM0MM+Zy49ldLTY4aL5MAvJRxhsxwI2DMWwcwseZNco4fSCAzTZknCl+xFOPJz0FbpNBVDlDFmT/bt6+DBUEX+axlRagIp2Ntl6FPazAaIITneOeWTnAQOEoI0Kh0+x2todIq9pXKhPSVs8ntRcN34+Jasd/UwxX08BKpCr530pqPM85VggDzqvmXqNTQwm6/+o45F8F27+mPKW7eOPLN6mBsoz3Rmun6pfIkqtzJOM9OkVW5PEi9MDKGt6k4X8b9uPgZORPitHKtuA5Whpjy3S/YKYMGdYSrgM/cs0EnO+z9cYfmJMmEEjX033kR2EoNebEfbBRrV+kdv6jj3869SD+CPaOTZ1EN1foTlAyKUPqYn4nuue96XgWQkaeNCByfSK63uzIHHvm/IWJFXqDc9j/8B9fUQJXyf7CYa94N5QXDGp98oFwyf+RvEmxtPfDbJ+9laTbzVMkM="

[[package]]
name = "pcre2"
version = "10.45-1"
system = "archlinux"
url = "https://archive.archlinux.org/packages/p/pcre2/pcre2-10.45-1-x86_64.pkg.tar.zst"
sha256 = "a23e6081757cbfd210920142256c662b709448376928e3c8f418203495ad9cb4"
signature = "iHUEABYKAB0WIQRizHP4hOUpV7L92IObeih9mi7GCAUCZ7nNiAAKCRCbeih9mi7GCDYIAP9E6NwOpjsQwOTNNLR9uGWfuhA8XOzyTdNfNt9x53CoswEA+AyDDR+r+31nNMjFyvzTdLCWUSvZqIXKTsNtHdtIMA8="

[[package]]
name = "rust"
version = "1:1.85.0-1"
system = "archlinux"
url = "https://archive.archlinux.org/packages/r/rust/rust-1:1.85.0-1-x86_64.pkg.tar.zst"
sha256 = "3fd906c63706593928e8928feb5d7da5019a37fbec2456b6a16b44ce9ded95ff"
signature = "iHUEABYKAB0WIQSDvIiJNRtd67toQW64rAhgDxCM3wUCZ7eBMwAKCRC4rAhgDxCM35OzAQCWv+NKTnrmpemr3KmnGGzGtZY5nGaLQTDyPZnGa/Q27AEA897EU+Yj9nXbwc4bw4pHCoOJBqHtdLTvqFrhzVJsmwA="

[[package]]
name = "rust-aarch64-musl"
version = "1:1.85.0-1"
system = "archlinux"
url = "https://archive.archlinux.org/packages/r/rust-aarch64-musl/rust-aarch64-musl-1:1.85.0-1-x86_64.pkg.tar.zst"
sha256 = "b403261ff4ad7b7202fbdd905c631db5ccc8543e3787452e0757de03f1d5127a"
signature = "iHUEABYKAB0WIQSDvIiJNRtd67toQW64rAhgDxCM3wUCZ7eBOAAKCRC4rAhgDxCM3/H9AQCgoRvHj6UxqKm7ffULFTAlLQt70c+r5BEOWqF6vlZ/BwEA63hGBbvD0usdWDyd5av7qcZLhZ6UlkuG+vA2wZfWcQ4="

[[package]]
name = "rust-musl"
version = "1:1.85.0-1"
system = "archlinux"
url = "https://archive.archlinux.org/packages/r/rust-musl/rust-musl-1:1.85.0-1-x86_64.pkg.tar.zst"
sha256 = "a156e687690b81f645e9f7a6bce395479f20d3172dcffbd10af25f9b3135546c"
signature = "iHUEABYKAB0WIQSDvIiJNRtd67toQW64rAhgDxCM3wUCZ7eBNQAKCRC4rAhgDxCM31MtAP9oquTC7q+3elHIaDnnLETN0NJQZ26cHAkIb+4KNmlSpwEAvscIz4L9n4M2aHRa4vdq7i/oICZFrd0P6d+pRspTfQE="

[[package]]
name = "shadow"
version = "4.17.3-1"
system = "archlinux"
url = "https://archive.archlinux.org/packages/s/shadow/shadow-4.17.3-1-x86_64.pkg.tar.zst"
sha256 = "d4cd366cd1293e17f841da6a8a56551b6a74e38e635367a8bf127b4db3172e2f"
signature = "iHUEABYKAB0WIQRizHP4hOUpV7L92IObeih9mi7GCAUCZ7zSnAAKCRCbeih9mi7GCPH4AP4l8Q6KSE8vTJ11Je7vqZlw2wvWE3BGtSSio+m6i2Y2dwD/X0UHNbR/y3MPCMkFioCsaqUY8+xd6iw2A3PcHcU8TQM="

[[package]]
name = "zstd"
version = "1.5.7-2"
system = "archlinux"
url = "https://archive.archlinux.org/packages/z/zstd/zstd-1.5.7-2-x86_64.pkg.tar.zst"
sha256 = "7088eb799005899e24874e2d1af4ef73df1ff9a97ee74179245c64c9c4b0fa3c"
signature = "iQEzBAABCAAdFiEEW34/txt/EDKaHAOrdx32Yn7faB8FAme3YvcACgkQdx32Yn7faB9dPQgAli1z+0twhorMPlH3r737WioVoBYaoYrDXA3np4FSZ3cgGBNli+3iWmK19hTWRkBDEjYd1P9nEtqyUBRdiwG7F+9tSliZSA2U83FxF6RacdQYIwqeex470XsSd/mdeNO27HNgSkWAhtwPB8VwgH+qaTojHwDPKuNwR6Jq4GprVGm9f7BMUJAG2uxo5bvq4hXmTMIeDKg05i1BV7QTc7ZLxw+O5gddEwJtuOQnq38pZ1P4mcnqdh3uYXO0NX5705RC0Dl+lSMJ4SsOc3LHuUUaS0af5xw7mY46/ZUekKoV2yoXMzsbTqjOPYgP9BD1OmqYrcP1aRgGvFS3+e0rDJz5oA=="
