[container]
image = "docker.io/library/archlinux@sha256:2bc4e27fb84da173ba06756de32def4daa6450d36817e2cb8f39ff498d42186c"

[[package]]
name = "aarch64-linux-gnu-binutils"
version = "2.43-1"
system = "archlinux"
url = "https://archive.archlinux.org/packages/a/aarch64-linux-gnu-binutils/aarch64-linux-gnu-binutils-2.43-1-x86_64.pkg.tar.zst"
sha256 = "cd9065d56c56570322c9d0b63411d86ba95a1f23932100ca2107840363622f8a"
signature = "iQIzBAABCAAdFiEEjhmSFnRl21+wRVV8sChU7XU+Dx8FAmc5MB0ACgkQsChU7XU+Dx+VfBAAlw+yFzHoBqm6xIHwF1Q4iR6M2x1kgQstlfaHnP7nL6EwunhmHGQIDf/4Zc2tNqE5q5v8lmHv+YSBO8L4MybyxN/sFG2rv78fAlyJx/UFER92DbMJvHZtZoF2cvX+pvaczw6/rIX77x9PhnzKQASIKXWKsu4Uy9jbZuZLd/XCILFl9kPwFqzNDxNL7pRiakYUsSM8xcXZFUg8wOO5DogGhB0lo2v9mbDmNIkMWLuPB9RqxSk3MkXaU9aETx12bxCbrdmHQHlBlDvEpfDw7wKGUOQTmqXB2h0OUYbOQ7xieyJA1CJ8/K7UL8XEKcmjNa8jaLClPaaOOGju5btEB8VH/GQqsUJXI4rGyFDMJOlcX2+AdBJwSAVO2j2LWafg4Mu+tyfjYzOALvhhEHewyZmYZih2YpcSOdTfdXakeN/gMsg3zNyM/PJn0K1k6CP006ILSSVJHKDIi+CkI7eEv+tbgAj2h0RJxue+YoEqa5M64nJTbPyBV/F9X2L2E4sOLr36z8wGRh2tc2nxWsdntHu3+XE4Jks1imYq6GJUTDUpOgbwnDmUY0eiyQSd8CSvAWdRS32mPBgwOSYbmxCZBK8+MioXEvvg0PWH30o7B0x8MSlb4ZW9EkCvmxhUfWfOzsBW82lVKnwbfg1JBfeZpWBzetI7hqpmGippwPfwleqSet4="

[[package]]
name = "aarch64-linux-gnu-gcc"
version = "14.2.0-1"
system = "archlinux"
url = "https://archive.archlinux.org/packages/a/aarch64-linux-gnu-gcc/aarch64-linux-gnu-gcc-14.2.0-1-x86_64.pkg.tar.zst"
sha256 = "9f68a3a00ec1a4d78d416a0f20487de0bf3d57a35f3a537062b4a0d072c19c19"
signature = "iQIzBAABCAAdFiEEjhmSFnRl21+wRVV8sChU7XU+Dx8FAmc86w4ACgkQsChU7XU+Dx8uQA//cuxU1P/sWJyhMU+DdBvDJmbdcDWpdCeMce00XIHuQcJSQv5NP9u/rTj/VuVZfBlok8djbp6r1LM47UEYemVPo/0EIEjEV9mYBmywi23+toF++2Wos+qi6UstuDf4hBMSjnxPpcSWWf3SB/gjpMz/IbVwTfk4KeTYy8L/PlohlFlScd6uqADmdfZFKIA0qKOqHMMiKKP1PA+hIcsy3giV3axiK/TQnppRwogigrCHVk92zrGK2achxvWpVvD47ij4V8BrIdvClBfAmMRWDGVqXVhGKr5+EgnCZ/jWdOSQckryvTDe1rKvmiy+CQ/UonAKR/uvUsnZ2r5an1L+Xn7aNLBSPXHrv8qRpmmxSsWYaTiCR5VY7ckaAU8u78IpjNcxmnOcZVdhqnUDuxRWNVvsg6GWvMnowoa8/xlxotz+HxDFiS7mvnf9QITTygzXjXPsVM9ufkP181SSPUEwTrn/V6MCl7NAWuWkTWvZ/h+WdCvil0ymZgulDAU5oeXxYcg1UO2OF2bmEUoi5uOomv+7Rz523wgwOZ3XzQiJN/dEQ4q911vIcDWu9xtW1f5Lvy4lDp1kt37IJaFmXnCX8LLOod6VrGquP+nkMQTY4TA0YhUW/XfoWqWAQ215WUiwXkKbPo48gBFouaZrlgfqI6/kRY+a/uLMqUlWPb1iavgUO3o="

[[package]]
name = "aarch64-linux-gnu-glibc"
version = "2.41-1"
system = "archlinux"
url = "https://archive.archlinux.org/packages/a/aarch64-linux-gnu-glibc/aarch64-linux-gnu-glibc-2.41-1-any.pkg.tar.zst"
sha256 = "2161eee4a27609fcec77ea8bdbbfe58a630b43521f167471b452d267f37bec71"
signature = "iQIzBAABCAAdFiEEjhmSFnRl21+wRVV8sChU7XU+Dx8FAmfgXWUACgkQsChU7XU+Dx8kJA//ajHlxj86F6TLWlZUgCFauFsl3wh6LkLtQti8ggjiBPFutgCtuueC23FTwDoJFCG5NqTLm/Ybr98XzpkyeGTx1yE059ANJbdGYH2Yp9jedi/kCs+JU88kvhzwbN4kU62iuf83oZ8ZjFFgom2dGu3Fl0eG+LOU+QSsgzzqUFYG88LbGHDU+XTODB1YX4lH8t5EWUWgqEXeyxBGx6aMwLDKHVMw+kUzbV89DAMHu3iwZ08mNS76swhc/TFOag2ho2H1b9FwjHErmmLg3V/Vn3UymM5KOQu+Kx2fXlZPfT638Bpsqui6ziXoyVgjvtwa6syZscWUJG8h+wTqBCSwEyVrFSq5yUYfoemfckPJTKEIw4dXHAZDh+qkT6MpmRp+hzuQacmaF2aLID0pGYTtLjCMzIOlK+cywR4fl7jG3AU7Y/iw2QQmu7TjfkTyb2qKtmbYQL6N6JDlbnrga4aYEwXQol2ANWJCsSQAZNbxsUH13WaDi+1XvxCylBDCph2Jsjzc0jirWG+nYbrfPAGmN5KK8Slf5duhKhYZfwOVaVy/JRB9kRBnJ3RznjYlQJVRzqjR1tiEGv507MsDUj3soqOR3HRY6DKAwLq5BmtKSDVEk+okTPO7FuCjJiGgPXvDtY4PoWgPxuw4JvwW4VHJN4MNrDCwx8SNvvFv+TNmYwGOop0="

[[package]]
name = "aarch64-linux-gnu-linux-api-headers"
version = "6.12-1"
system = "archlinux"
url = "https://archive.archlinux.org/packages/a/aarch64-linux-gnu-linux-api-headers/aarch64-linux-gnu-linux-api-headers-6.12-1-any.pkg.tar.zst"
sha256 = "500d6df001985aefeb2305d5061ebde6b5cc7f67d764827f99d2e9de19498450"
signature = "iQIzBAABCAAdFiEEjhmSFnRl21+wRVV8sChU7XU+Dx8FAmc74MYACgkQsChU7XU+Dx8dPBAAimRTvl2Kgm+AV5rnmsb2rceOskQ9L4dfcB4iJA/dKGtHB4jnzlGfYez3v4T4JjlwVsbfWcFN47CdbYChHP5wPOgNYNo76B3Qy6eMjpzu7+I/wkI6f8G/oKqYfksaJWp94z1Br5K/Mf09HQCgkLNHtNFCUo/ZEePRKYw9Rcb3hOUZZ02pEcNMy1VtGP25+2beWTr+K9MYgW/rxCTjoRlEVgggAbYU7MECTBZlnauP1VsOqwuBl1EaPXzlcBJX+KODnM088TRMIuLIP4mOVDje2cxhtTyhkMirLn+YYhOhPtqm2r0VgEQgApDYsd3zOujN26lVvefn/Y1i1EUTaK1Ej//K1KGUYEUtouIgXInI0a2PfjSOXn+21c9vTydBZaP9A1qHaw8SA/P8lr+vTkxhW03KPzZ6yMHohzdTRL34lrVjAV/H+yYpDHcAFuLEnHAOs6rnpCwSEGd9yfbieO66lmxNMUdYw/RaLZNtkjIGd2DNOZ2qky5LyxuNx6ibu3MSx9kyFQJFQAqtTSgK2bttbbHVfangSEcV4WK4GHUZ/Ljjb+8qf/Sma2OSbpGBCZQ50Jh5W9ogQ7Rb0lsUhD3OU9NNxOjs2EM2NhXd+3o/7kYjoU2JUrpkDQzCkvgrpPzCg5EPa3shrVuM6zXKT7W8/ZLvONVvhi5ntPTHyMzfo4w="

[[package]]
name = "binutils"
version = "2.44-1"
system = "archlinux"
url = "https://archive.archlinux.org/packages/b/binutils/binutils-2.44-1-x86_64.pkg.tar.zst"
sha256 = "8c14a56397669fefff067ec2c08aeccb944372be4f4cdb6fed0991ca18c4fb02"
signature = "iNUEABYKAH0WIQQFx3danouXdAf+COadTFqhVCbaCgUCZ6dOK18UgAAAAAAuAChpc3N1ZXItZnByQG5vdGF0aW9ucy5vcGVucGdwLmZpZnRoaG9yc2VtYW4ubmV0MDVDNzc3NUE5RThCOTc3NDA3RkUwOEU2OUQ0QzVBQTE1NDI2REEwQQAKCRCdTFqhVCbaCjeoAP9btSaBFNMd2M64KII1QXneh2x9+xVvLiz3YZ1kbNMknwEA4+KjPA7GZGgq1HWZsjLuTUWzu4M2D6WBXXfH9HLbiQ0="

[[package]]
name = "gc"
version = "8.2.8-2"
system = "archlinux"
url = "https://archive.archlinux.org/packages/g/gc/gc-8.2.8-2-x86_64.pkg.tar.zst"
sha256 = "c7b5e6816e7977a407e3f862b4ac51e7cf70e522c7fe1a72c2eca49431679712"
signature = "iNUEABYKAH0WIQQFx3danouXdAf+COadTFqhVCbaCgUCZt6oQl8UgAAAAAAuAChpc3N1ZXItZnByQG5vdGF0aW9ucy5vcGVucGdwLmZpZnRoaG9yc2VtYW4ubmV0MDVDNzc3NUE5RThCOTc3NDA3RkUwOEU2OUQ0QzVBQTE1NDI2REEwQQAKCRCdTFqhVCbaCp63AP4zSG9Ph/ey/7pYMn/RNiK9x1gv3SknQQ5dttHxVgc++QD/aXAHmlJ3i2x5kaqtv+bVKMTa80sF/S7X6DKJfQ+Q9Q4="

[[package]]
name = "gcc"
version = "14.2.1+r753+g1cd744a6828f-1"
system = "archlinux"
url = "https://archive.archlinux.org/packages/g/gcc/gcc-14.2.1+r753+g1cd744a6828f-1-x86_64.pkg.tar.zst"
sha256 = "2f5d57f8047bd95dc8ca89878e276968e485fec552a1d6222cbe7d4b020e5b8f"
signature = "iNUEABYKAH0WIQQFx3danouXdAf+COadTFqhVCbaCgUCZ6dOMl8UgAAAAAAuAChpc3N1ZXItZnByQG5vdGF0aW9ucy5vcGVucGdwLmZpZnRoaG9yc2VtYW4ubmV0MDVDNzc3NUE5RThCOTc3NDA3RkUwOEU2OUQ0QzVBQTE1NDI2REEwQQAKCRCdTFqhVCbaCs1BAQDhgm29sxvOmglFqaPf7w14Smqpbd/q83FwqUZX5fyqPwD+Obh+eLgaLHPq2DwHGH8TPoFEHlbMhU82pk2DkvU6qQE="

[[package]]
name = "guile"
version = "3.0.10-1"
system = "archlinux"
url = "https://archive.archlinux.org/packages/g/guile/guile-3.0.10-1-x86_64.pkg.tar.zst"
sha256 = "bf4d1b474045a88c7ad97b1ce56e8dd5786e5a10de02a8d33dc8f041edc8d01d"
signature = "iNUEABYKAH0WIQQFx3danouXdAf+COadTFqhVCbaCgUCZnkshF8UgAAAAAAuAChpc3N1ZXItZnByQG5vdGF0aW9ucy5vcGVucGdwLmZpZnRoaG9yc2VtYW4ubmV0MDVDNzc3NUE5RThCOTc3NDA3RkUwOEU2OUQ0QzVBQTE1NDI2REEwQQAKCRCdTFqhVCbaCruHAQDnjJsHGhq4cae34rHS1z+Hr6yzjVQSxvA6SE9XpredlAD/cstobLSMUsHswxf5df94XkoDPJdJs44uXE/iu9gsgQg="

[[package]]
name = "jansson"
version = "2.14.1-1"
system = "archlinux"
url = "https://archive.archlinux.org/packages/j/jansson/jansson-2.14.1-1-x86_64.pkg.tar.zst"
sha256 = "18bcb1ca84cf1a59a09d8237d379ceed73acaa1c50ab7a3339800ff665a2f230"
signature = "iNUEABYKAH0WIQQFx3danouXdAf+COadTFqhVCbaCgUCZ+RdUF8UgAAAAAAuAChpc3N1ZXItZnByQG5vdGF0aW9ucy5vcGVucGdwLmZpZnRoaG9yc2VtYW4ubmV0MDVDNzc3NUE5RThCOTc3NDA3RkUwOEU2OUQ0QzVBQTE1NDI2REEwQQAKCRCdTFqhVCbaCj9MAQDhsiYeCDjvXoHp2TSRinf8gW+FDlRk53V/gtTpqofDhgEAj9NTp35ZhpycEzbbofVyGw95ZAwHVIEHLZ9jhRGHkA4="

[[package]]
name = "libedit"
version = "20250104_3.1-1"
system = "archlinux"
url = "https://archive.archlinux.org/packages/l/libedit/libedit-20250104_3.1-1-x86_64.pkg.tar.zst"
sha256 = "9b4167ade67f899d5f4d1e0d3e8e8f18b5edfdd076f5aeffd100cb3093117987"
signature = "iQEzBAABCAAdFiEEW34/txt/EDKaHAOrdx32Yn7faB8FAme8RWMACgkQdx32Yn7faB9bnQf+N2KYErONnv0FLvqScucx7dhD+DNMqRFEEruhqsnAtP9KZzRePYMys6Uhn4TlIysatDnz6qy2UMeXuLOKDAYXMz4M37lfRT6YsBzbNj93FQlVrfelM/ap6U3vGBnHUVv8zqPoI6SgF+qqRuDJtoE3DR6TiiHgYm2oHRR/0NwF9S3hxqVkc+Ebmz7VTTlXW0x/g2uOKRqPyJR17GCuVrRWW/B0eIYrNIVVTE9jcMVKC5Uil+OAYd1bPoTQRgolw/Vp13QnHyUC4u8OwM3yl1b3CWjdRkwz7ImS+K5aF6z9/bUGzPwM1WmPkiz4TNeYHqxnKAQ9GnSLZOJBv1rMl3mI+g=="

[[package]]
name = "libisl"
version = "0.27-1"
system = "archlinux"
url = "https://archive.archlinux.org/packages/l/libisl/libisl-0.27-1-x86_64.pkg.tar.zst"
sha256 = "55a36e8195e6d9ce2efeb4276c60df6b6e7d94812fa36f8423d5ce664a5d34df"
signature = "iNUEABYKAH0WIQQFx3danouXdAf+COadTFqhVCbaCgUCZtWJeV8UgAAAAAAuAChpc3N1ZXItZnByQG5vdGF0aW9ucy5vcGVucGdwLmZpZnRoaG9yc2VtYW4ubmV0MDVDNzc3NUE5RThCOTc3NDA3RkUwOEU2OUQ0QzVBQTE1NDI2REEwQQAKCRCdTFqhVCbaCgPbAP9GNpnE0ra4qZOGYyJtfnyG42f8Z9dLpX21F/sY/a2UCgD/dz8x7harwjTofWctVHyyCacJsLhSq2jvSfrvvL4H/w8="

[[package]]
name = "libmpc"
version = "1.3.1-2"
system = "archlinux"
url = "https://archive.archlinux.org/packages/l/libmpc/libmpc-1.3.1-2-x86_64.pkg.tar.zst"
sha256 = "10554706eb15ed2186fbd55fd5db8fa5919788ac9a75d26c0b9ef5bdfca9d470"
signature = "iQEzBAABCAAdFiEEFRnVq6Zb9vwrc8dWek52CV2KUuQFAmaHCZwACgkQek52CV2KUuRjbAf/TmL9cCMXYTGsNmR2om6kT7XjczfZoFR9AM0FSTUNy5AuNZNUUCfm6ie6F4rFwHc3nETOSojScOZauZlcNiLrVriHYYFSZ8EhKiCJCo68a7KTbceBNoBuT6AEIpGMpIMti/cvWhu8VXl5JIRo8LNPBzDih05aCDUJ2nayKPYNHalDayu87sDXzJYXuzC8KD7XmUa7Kirn0ZpA4VZXc8CUjYYvn0wvRwLKQP4WMpszxmblQWjMVbQxh7dwC+gPtqIANVjoGKMRfr6QpT03XXIEaTBKbMsxeYFvwn+y2JN30t6oFI6LJADZ22VwimEzu06u+x9c+3+pr4k7Py43OCOGmg=="

[[package]]
name = "linux-api-headers"
version = "6.14-1"
system = "archlinux"
url = "https://archive.archlinux.org/packages/l/linux-api-headers/linux-api-headers-6.14-1-x86_64.pkg.tar.zst"
sha256 = "fc0907a06807580645933174c5a176fc228b88b72d3865ba4183c0bc47c1f62e"
signature = "iNUEABYKAH0WIQQFx3danouXdAf+COadTFqhVCbaCgUCZ/ZR5l8UgAAAAAAuAChpc3N1ZXItZnByQG5vdGF0aW9ucy5vcGVucGdwLmZpZnRoaG9yc2VtYW4ubmV0MDVDNzc3NUE5RThCOTc3NDA3RkUwOEU2OUQ0QzVBQTE1NDI2REEwQQAKCRCdTFqhVCbaClGOAQDYStjSwuaTqjGrGNFfcUrbArp8aOiST+Whz0m2tdV1mwEAgn9UgKZn2tk39Tj+/VWQkVse5q8Uny+7ft0lV/D7RAk="

[[package]]
name = "llvm-libs"
version = "19.1.7-1"
system = "archlinux"
url = "https://archive.archlinux.org/packages/l/llvm-libs/llvm-libs-19.1.7-1-x86_64.pkg.tar.zst"
sha256 = "44de8dac4c85c2297d8a8b9b4f8a71d422bd2452b6b0f442859f92c5319daad3"
signature = "iQEzBAABCAAdFiEEhs/8qRjPOvRxR1iAUeixSKmZnDQFAmeLq+kACgkQUeixSKmZnDSQcgf/UE3HidSGyn485QxUdNk6ffxyRMIxQixiaMPVcFQlTCNoC2c3oN/Y9bp5qWN2Oydh5J17nVy6el5mpVzaSFrVA05cFP0eoOIy1RrlC2ko54icSmchRyD1bGHfwBNlurkCU5y1AQqbo+5Exfg31Vj5NsXdDst5E51WfP37/NxZ9holoXk17Lb5vcgQ/GTgmzEWL7Gt+CF5X0AkPCOejBtBrzcSWM2T4s6dGatM45PCTSWHzgLbi9RuZwd2y0jPZPPocvsmxoi1q0KhjteCXWJpn/HpksmiiRNIG1RN9uV7Vp9f0rVEoWaf1VbdzNyXrdoRFxdxg1Nt0en9VrwhMuX4Mg=="

[[package]]
name = "make"
version = "4.4.1-2"
system = "archlinux"
url = "https://archive.archlinux.org/packages/m/make/make-4.4.1-2-x86_64.pkg.tar.zst"
sha256 = "7c1bc0d882f7c8d1bcb305eb7efaabc19ed6afa5a9a443575fa0d5ed57985535"
signature = "iHUEABYKAB0WIQSZH24/B2XPYpWIhYYTmwnaW/DTOAUCZBT0lQAKCRATmwnaW/DTOKwJAP9/kfT3rO0NhbD8wuI6ajzjyKtrl4SfuU0yu/PKByXQOgD/aYSvsyXylJhCadU2smO4LbP2Vj9fnIvEwPvbXbesVQ0="

[[package]]
name = "musl"
version = "1.2.5-5"
system = "archlinux"
url = "https://archive.archlinux.org/packages/m/musl/musl-1.2.5-5-x86_64.pkg.tar.zst"
sha256 = "8ab3ff885e1b91b6eb3f61526c4a0f964aea307b0965670a0810db65ad1a555f"
signature = "iQIzBAABCAAdFiEEM+u4qOHFZTZFsSMqRaZQ4mOMU20FAmfw+foACgkQRaZQ4mOMU20Xhg//UIv3wt8AQG65HY8cgRha9Xj4jpI9UslMu4vi1M6gD72g90QN9Q0BkOTlPNehvLVa6bK6919as+KQudFwtT+oXRVAYH+NVqTNANeuOtIVEHNT9ojoDRMEeGrLkLmMkoFOV6MtqT8Noyh2Ne5dVf6GCnaJUAQTGPjKX/OimIpUoXKyGf4QKR7ngQKulLImUYd87d0Jtt6+tEPGM55V0wlCN0xHhvqsGzjzIQO269737r7q8CiUMhUCUqInBLR6hWtGNIT6svSMh8TGnE2TBDX0iZgmN7LaRky9qV6HVcocY3IU2u/UGjVwKTwjuRGIBRG7nG51FF7rHAf4CsQXQODmOGz5jZb7DGQY9IieX1l5QoigNeX7ViT40/wDSiFHViZ6I378WCVJtK7A3cFSVp4tIbJLgveDOXTiES++KalRDXpYkq/GxSDVKeHnkVtFSrYYW52fBIZgKWP673LT2z+j0JhKKQROQ3uK3WWDt9OT0UeK6gdgRiABAtwXAF/EnMfmIc5eOUXKM7M+1I3aG2TILQ4273De31mDYAVVsJVVhbxKmh/ofDZS6AVU2+i/gloT2mDm5Sm++7DMFkJYaSZ/OBrnQarXiUhz5Uw1R6kmdKK0eXJDrQdcExwCNSuV6tBWU7UU9TGIFPmN5u8k+GmaYHBkdfxeIgGkgDb0EQ1uWlQ="

[[package]]
name = "musl-aarch64"
version = "1.2.5-5"
system = "archlinux"
url = "https://archive.archlinux.org/packages/m/musl-aarch64/musl-aarch64-1.2.5-5-x86_64.pkg.tar.zst"
sha256 = "5da6bcbe3fc65bb75f3003699fe45395092808c7230c082f1000e3135c5bf7c6"
signature = "iQIzBAABCAAdFiEEM+u4qOHFZTZFsSMqRaZQ4mOMU20FAmfw+foACgkQRaZQ4mOMU200UQ//cXdRr/ZRExuKSi040IxwZ3wSpbT1Y9OyZdPfSKpSe35ff6vBmlg7VcLtCNXLo/m4qOE9PsksH74al1HEcjMfvqjzpdAMxWbf13n6lZ8vqCwIiOE9nI5KsLZWfvwJyBrsa/mCuANpg1v5INgigZmXvflamJSVkzasgdmd9oArCbJI2SJ2POzoZDNnkFMs04dmoMQRgis2eiWG+iytAQnc+YuMyw47EEs+Ckuu/g6+Fa9qD+3nG4FtuW6gWbfdwsN1FnlpGYdiqj1WMKbeDM3h5WaJkr5oDKXIT4wL3ddPlIweo64W/9WJMm1pL+9EwsHbjCMee6q8q8/VJ6QOHHAMJx8NxfKAh9jf5dbT+8IfragH+ETDzdbepzS2fcb5OdNWcxiWhrfXV1WWRwMhN6CCxyt+F0Qlk/9nLYkdtrjUp/QxtBghshFdzYvsIVA5BvVSQdE7dwcVsqZmm6MknUCIj2g0mqTKmj/EDLI/kAy8CYkot+RFrJhUSmLe7OvpS4iDtETgTULsq+g7GppZvzQfjMUh1itJX00w8vtPhVgP82qVtKA4mi7Ek8C7ROD/xkmqRN6+ayTqcbTVYtVe7w/quE0VYpO6mC8buixdEeTxdDMxiOVu3dHEWVdO4XbYx/0WXrgoaIYSCXKC7Re9cTJ6rqVDL5rSt/jQcwRHOeUuVUs="

[[package]]
name = "rust"
version = "1:1.86.0-1"
system = "archlinux"
url = "https://archive.archlinux.org/packages/r/rust/rust-1:1.86.0-1-x86_64.pkg.tar.zst"
sha256 = "068e69debc5399f3bca4d2f22e4d18f342e26a4bfc27d75c7a22c46d0994bc4b"
signature = "iHUEABYKAB0WIQSDvIiJNRtd67toQW64rAhgDxCM3wUCZ+7R1QAKCRC4rAhgDxCM3zazAQCPiiljZzSuOJ3MzuQEX6f+hSdBtqPOvsFhKWXEFUclTgEA4is9meUGm2LOIwaZiS2G5ayBHIc+sE3rbgfzit5I4gI="

[[package]]
name = "rust-aarch64-musl"
version = "1:1.86.0-1"
system = "archlinux"
url = "https://archive.archlinux.org/packages/r/rust-aarch64-musl/rust-aarch64-musl-1:1.86.0-1-x86_64.pkg.tar.zst"
sha256 = "fd43ca078c48457e371fb8e0679115a224761920d35c133f2da6ea5ca77736f5"
signature = "iHUEABYKAB0WIQSDvIiJNRtd67toQW64rAhgDxCM3wUCZ+7R2wAKCRC4rAhgDxCM3wXZAP907/TfbNNd4IQ7avWoG1TsHD9gjAXOoYZ+3PiAY6VRUAEA8ASAMoqYHzxaXQ8osyy3Ntts42yvJYkpDXxAB91rZA8="

[[package]]
name = "rust-musl"
version = "1:1.86.0-1"
system = "archlinux"
url = "https://archive.archlinux.org/packages/r/rust-musl/rust-musl-1:1.86.0-1-x86_64.pkg.tar.zst"
sha256 = "d04878119d851114a767dcac9c2d5d9f7f1900f52dd82f61e5131ba28c439e3d"
signature = "iHUEABYKAB0WIQSDvIiJNRtd67toQW64rAhgDxCM3wUCZ+7R2AAKCRC4rAhgDxCM32UEAP4sGffPU+2aYl+JpXAFUC4WOjzxC4g/hVxgTdO90hiMhQD+NRkoHV0xtteBU3LGJpMquAfAkqoAmyIs0iuLig2XlAE="
